
Microsoft Visual Studio Solution File, Format Version 12.00
# Visual Studio 15
VisualStudioVersion = 15.0.28307.1209
MinimumVisualStudioVersion = 10.0.40219.1
Project("{FAE04EC0-301F-11D3-BF4B-00C04F79EFBC}") = "PlantillaValidacionesFormMvc", "PlantillaValidacionesFormMvc\PlantillaValidacionesFormMvc.csproj", "{23D91D35-8E57-4E71-B314-FF732629D7D5}"
EndProject
Global
	GlobalSection(SolutionConfigurationPlatforms) = preSolution
		Debug|Any CPU = Debug|Any CPU
		Release|Any CPU = Release|Any CPU
	EndGlobalSection
	GlobalSection(ProjectConfigurationPlatforms) = postSolution
		{23D91D35-8E57-4E71-B314-FF732629D7D5}.Debug|Any CPU.ActiveCfg = Debug|Any CPU
		{23D91D35-8E57-4E71-B314-FF732629D7D5}.Debug|Any CPU.Build.0 = Debug|Any CPU
		{23D91D35-8E57-4E71-B314-FF732629D7D5}.Release|Any CPU.ActiveCfg = Release|Any CPU
		{23D91D35-8E57-4E71-B314-FF732629D7D5}.Release|Any CPU.Build.0 = Release|Any CPU
	EndGlobalSection
	GlobalSection(SolutionProperties) = preSolution
		HideSolutionNode = FALSE
	EndGlobalSection
	GlobalSection(ExtensibilityGlobals) = postSolution
		SolutionGuid = {39E8E939-154B-467E-98D2-17D776EF97A8}
	EndGlobalSection
EndGlobal
